
Microsoft Visual Studio Solution File, Format Version 12.00
# Visual Studio Version 16
VisualStudioVersion = 16.0.29230.47
MinimumVisualStudioVersion = 10.0.40219.1
Project("{FAE04EC0-301F-11D3-BF4B-00C04F79EFBC}") = "NextAPI", "NextAPI\NextAPI.csproj", "{8E255E32-60D1-4D5E-B62A-5539461F844E}"
EndProject
Project("{FAE04EC0-301F-11D3-BF4B-00C04F79EFBC}") = "Common", "Common\Common.csproj", "{60F04D54-F6C3-46F3-BA15-0BA6CCB23E2A}"
EndProject
Project("{FAE04EC0-301F-11D3-BF4B-00C04F79EFBC}") = "NextWorker", "NextWorker\NextWorker.csproj", "{090AF748-4269-4C96-AD10-B009974C659B}"
EndProject
Global
	GlobalSection(SolutionConfigurationPlatforms) = preSolution
		Debug|Any CPU = Debug|Any CPU
		Release|Any CPU = Release|Any CPU
	EndGlobalSection
	GlobalSection(ProjectConfigurationPlatforms) = postSolution
		{8E255E32-60D1-4D5E-B62A-5539461F844E}.Debug|Any CPU.ActiveCfg = Debug|Any CPU
		{8E255E32-60D1-4D5E-B62A-5539461F844E}.Debug|Any CPU.Build.0 = Debug|Any CPU
		{8E255E32-60D1-4D5E-B62A-5539461F844E}.Release|Any CPU.ActiveCfg = Release|Any CPU
		{8E255E32-60D1-4D5E-B62A-5539461F844E}.Release|Any CPU.Build.0 = Release|Any CPU
		{60F04D54-F6C3-46F3-BA15-0BA6CCB23E2A}.Debug|Any CPU.ActiveCfg = Debug|Any CPU
		{60F04D54-F6C3-46F3-BA15-0BA6CCB23E2A}.Debug|Any CPU.Build.0 = Debug|Any CPU
		{60F04D54-F6C3-46F3-BA15-0BA6CCB23E2A}.Release|Any CPU.ActiveCfg = Release|Any CPU
		{60F04D54-F6C3-46F3-BA15-0BA6CCB23E2A}.Release|Any CPU.Build.0 = Release|Any CPU
		{090AF748-4269-4C96-AD10-B009974C659B}.Debug|Any CPU.ActiveCfg = Debug|Any CPU
		{090AF748-4269-4C96-AD10-B009974C659B}.Debug|Any CPU.Build.0 = Debug|Any CPU
		{090AF748-4269-4C96-AD10-B009974C659B}.Release|Any CPU.ActiveCfg = Release|Any CPU
		{090AF748-4269-4C96-AD10-B009974C659B}.Release|Any CPU.Build.0 = Release|Any CPU
	EndGlobalSection
	GlobalSection(SolutionProperties) = preSolution
		HideSolutionNode = FALSE
	EndGlobalSection
	GlobalSection(ExtensibilityGlobals) = postSolution
		SolutionGuid = {B7750ABE-781D-48C0-97AE-028A3DC4CE10}
	EndGlobalSection
EndGlobal
